<?xml version="1.0" encoding="utf-8"?>
<Project ToolsVersion="4.0" xmlns="http://schemas.microsoft.com/developer/msbuild/2003">
  <ItemGroup>
    <Filter Include="실시간">
      <UniqueIdentifier>{66e10925-563f-4d44-8906-db37bd9168b8}</UniqueIdentifier>
    </Filter>
    <Filter Include="이론">
      <UniqueIdentifier>{85c8e32e-0048-41c0-96e2-010e1950eedd}</UniqueIdentifier>
    </Filter>
    <Filter Include="문제">
      <UniqueIdentifier>{e0f96884-665b-4fe0-bdc6-4a7ba1817295}</UniqueIdentifier>
    </Filter>
    <Filter Include="문제\백준">
      <UniqueIdentifier>{35c9e505-cc16-493f-addd-78055d0da446}</UniqueIdentifier>
    </Filter>
    <Filter Include="문제\프로그래머스">
      <UniqueIdentifier>{f8deb0b3-29bb-463e-a1d2-3c9e0fe023f9}</UniqueIdentifier>
    </Filter>
  </ItemGroup>
  <ItemGroup>
    <ClCompile Include="test.cpp">
      <Filter>실시간</Filter>
    </ClCompile>
    <ClCompile Include="BFS.cpp">
      <Filter>이론</Filter>
    </ClCompile>
    <ClCompile Include="DFS.cpp">
      <Filter>이론</Filter>
    </ClCompile>
    <ClCompile Include="누적_구간합.cpp">
      <Filter>이론</Filter>
    </ClCompile>
    <ClCompile Include="문자열_구현.cpp">
      <Filter>이론</Filter>
    </ClCompile>
    <ClCompile Include="문자열나누기.cpp">
      <Filter>이론</Filter>
    </ClCompile>
    <ClCompile Include="순열.cpp">
      <Filter>이론</Filter>
    </ClCompile>
    <ClCompile Include="조합.cpp">
      <Filter>이론</Filter>
    </ClCompile>
    <ClCompile Include="중복요소없애기.cpp">
      <Filter>이론</Filter>
    </ClCompile>
    <ClCompile Include="지도탐색.cpp">
      <Filter>이론</Filter>
    </ClCompile>
    <ClCompile Include="탐색그래프.cpp">
      <Filter>이론</Filter>
    </ClCompile>
    <ClCompile Include="2178_미로.cpp">
      <Filter>문제\백준</Filter>
    </ClCompile>
    <ClCompile Include="그래프테스트양식.cpp">
      <Filter>문제</Filter>
    </ClCompile>
    <ClCompile Include="게임맵최단거리.cpp">
      <Filter>문제\프로그래머스</Filter>
    </ClCompile>
    <ClCompile Include="무인도여행.cpp">
      <Filter>문제\프로그래머스</Filter>
    </ClCompile>
    <ClCompile Include="종화방구쟁이.cpp">
      <Filter>이론</Filter>
    </ClCompile>
  </ItemGroup>
</Project>