<?xml version="1.0" encoding="utf-8"?>
<Project ToolsVersion="4.0" xmlns="http://schemas.microsoft.com/developer/msbuild/2003">
  <ItemGroup>
    <Filter Include="Main">
      <UniqueIdentifier>{d58cf043-e04a-4a51-aa66-e6f3427f1b6c}</UniqueIdentifier>
    </Filter>
    <Filter Include="Utility">
      <UniqueIdentifier>{fb5c8982-268b-49cb-8450-44d307e0b6c4}</UniqueIdentifier>
    </Filter>
    <Filter Include="Study">
      <UniqueIdentifier>{18dd0bd7-9f5a-4dbc-b5d6-af9c8cb1c258}</UniqueIdentifier>
    </Filter>
  </ItemGroup>
  <ItemGroup>
    <ClCompile Include="Server.cpp">
      <Filter>Main</Filter>
    </ClCompile>
    <ClCompile Include="PCH.cpp" />
    <ClCompile Include="MultiThread_Basic.cpp">
      <Filter>Study</Filter>
    </ClCompile>
    <ClCompile Include="Atomic.cpp">
      <Filter>Study</Filter>
    </ClCompile>
    <ClCompile Include="Lock.cpp">
      <Filter>Study</Filter>
    </ClCompile>
    <ClCompile Include="DeadLock.cpp">
      <Filter>Study</Filter>
    </ClCompile>
    <ClCompile Include="Study_AccountManager.cpp">
      <Filter>Study</Filter>
    </ClCompile>
    <ClCompile Include="Study_UserManager.cpp">
      <Filter>Study</Filter>
    </ClCompile>
  </ItemGroup>
  <ItemGroup>
    <ClInclude Include="PCH.h" />
    <ClInclude Include="Study_AccountManager.h">
      <Filter>Study</Filter>
    </ClInclude>
    <ClInclude Include="Study_UserManager.h">
      <Filter>Study</Filter>
    </ClInclude>
  </ItemGroup>
</Project>